
Microsoft Visual Studio Solution File, Format Version 12.00
# Visual Studio Version 17
VisualStudioVersion = 17.9.34714.143
MinimumVisualStudioVersion = 10.0.40219.1
Project("{FAE04EC0-301F-11D3-BF4B-00C04F79EFBC}") = "Proyecto", "Proyecto.csproj", "{ECC34CED-B291-41F5-8149-74E5DCB6CF65}"
EndProject
Global
	GlobalSection(SolutionConfigurationPlatforms) = preSolution
		Debug|Any CPU = Debug|Any CPU
		Release|Any CPU = Release|Any CPU
	EndGlobalSection
	GlobalSection(ProjectConfigurationPlatforms) = postSolution
		{ECC34CED-B291-41F5-8149-74E5DCB6CF65}.Debug|Any CPU.ActiveCfg = Debug|Any CPU
		{ECC34CED-B291-41F5-8149-74E5DCB6CF65}.Debug|Any CPU.Build.0 = Debug|Any CPU
		{ECC34CED-B291-41F5-8149-74E5DCB6CF65}.Release|Any CPU.ActiveCfg = Release|Any CPU
		{ECC34CED-B291-41F5-8149-74E5DCB6CF65}.Release|Any CPU.Build.0 = Release|Any CPU
	EndGlobalSection
	GlobalSection(SolutionProperties) = preSolution
		HideSolutionNode = FALSE
	EndGlobalSection
	GlobalSection(ExtensibilityGlobals) = postSolution
		SolutionGuid = {4450DC41-CB3F-4977-B16A-BABA1A8172D5}
	EndGlobalSection
EndGlobal
